# THIS IS AN AUTOGENERATED FILE. DO NOT EDIT THIS FILE DIRECTLY.
# yarn lockfile v1


telnetlib@^1.0.0:
  version "1.0.0"
  resolved "https://registry.yarnpkg.com/telnetlib/-/telnetlib-1.0.0.tgz#35c9f6e5089341a016a31ac9150d900f4f276056"
  integrity sha512-zfxms52Inw/ArTAEQHkAHQAkg6p2brFYa0kZyn+/j486R1PuzSsdiuwq1PumEokpjpcmDwbEAnfes6Cc0BMSzw==
